
Microsoft Visual Studio Solution File, Format Version 12.00
# Visual Studio Version 17
VisualStudioVersion = 17.9.34728.123
MinimumVisualStudioVersion = 10.0.40219.1
Project("{FAE04EC0-301F-11D3-BF4B-00C04F79EFBC}") = "Netflix_Imdb", "Netflix_Imdb\Netflix_Imdb.csproj", "{C5843FAF-6197-427C-A16F-D0BE75DFD50D}"
EndProject
Project("{FAE04EC0-301F-11D3-BF4B-00C04F79EFBC}") = "Netflix_Imdb.Application", "Netflix_Imdb.Application\Netflix_Imdb.Application.csproj", "{44EF0A7F-0DC3-43EA-A3C7-369C7313722B}"
EndProject
Project("{FAE04EC0-301F-11D3-BF4B-00C04F79EFBC}") = "Netflix_Imdb.Infrastructure", "Netflix_Imdb.Infrastructure\Netflix_Imdb.Infrastructure.csproj", "{42394DD9-B7CD-4BDE-A4F7-F1400532BA0C}"
EndProject
Global
	GlobalSection(SolutionConfigurationPlatforms) = preSolution
		Debug|Any CPU = Debug|Any CPU
		Release|Any CPU = Release|Any CPU
	EndGlobalSection
	GlobalSection(ProjectConfigurationPlatforms) = postSolution
		{C5843FAF-6197-427C-A16F-D0BE75DFD50D}.Debug|Any CPU.ActiveCfg = Debug|Any CPU
		{C5843FAF-6197-427C-A16F-D0BE75DFD50D}.Debug|Any CPU.Build.0 = Debug|Any CPU
		{C5843FAF-6197-427C-A16F-D0BE75DFD50D}.Release|Any CPU.ActiveCfg = Release|Any CPU
		{C5843FAF-6197-427C-A16F-D0BE75DFD50D}.Release|Any CPU.Build.0 = Release|Any CPU
		{44EF0A7F-0DC3-43EA-A3C7-369C7313722B}.Debug|Any CPU.ActiveCfg = Debug|Any CPU
		{44EF0A7F-0DC3-43EA-A3C7-369C7313722B}.Debug|Any CPU.Build.0 = Debug|Any CPU
		{44EF0A7F-0DC3-43EA-A3C7-369C7313722B}.Release|Any CPU.ActiveCfg = Release|Any CPU
		{44EF0A7F-0DC3-43EA-A3C7-369C7313722B}.Release|Any CPU.Build.0 = Release|Any CPU
		{42394DD9-B7CD-4BDE-A4F7-F1400532BA0C}.Debug|Any CPU.ActiveCfg = Debug|Any CPU
		{42394DD9-B7CD-4BDE-A4F7-F1400532BA0C}.Debug|Any CPU.Build.0 = Debug|Any CPU
		{42394DD9-B7CD-4BDE-A4F7-F1400532BA0C}.Release|Any CPU.ActiveCfg = Release|Any CPU
		{42394DD9-B7CD-4BDE-A4F7-F1400532BA0C}.Release|Any CPU.Build.0 = Release|Any CPU
	EndGlobalSection
	GlobalSection(SolutionProperties) = preSolution
		HideSolutionNode = FALSE
	EndGlobalSection
	GlobalSection(ExtensibilityGlobals) = postSolution
		SolutionGuid = {AB1E7C96-AEBE-4619-880D-3C26EAE9D9A0}
	EndGlobalSection
EndGlobal
